<?xml version="1.0" encoding="utf-8"?>
<Project ToolsVersion="4.0" xmlns="http://schemas.microsoft.com/developer/msbuild/2003">
  <ItemGroup>
    <Filter Include="Source Files">
      <UniqueIdentifier>{4FC737F1-C7A5-4376-A066-2A32D752A2FF}</UniqueIdentifier>
      <Extensions>cpp;c;cc;cxx;def;odl;idl;hpj;bat;asm;asmx</Extensions>
    </Filter>
    <Filter Include="Header Files">
      <UniqueIdentifier>{93995380-89BD-4b04-88EB-625FBE52EBFB}</UniqueIdentifier>
      <Extensions>h;hh;hpp;hxx;hm;inl;inc;xsd</Extensions>
    </Filter>
    <Filter Include="Resource Files">
      <UniqueIdentifier>{67DA6AB6-F800-4c08-8B7A-83BB121AAD01}</UniqueIdentifier>
      <Extensions>rc;ico;cur;bmp;dlg;rc2;rct;bin;rgs;gif;jpg;jpeg;jpe;resx;tiff;tif;png;wav</Extensions>
    </Filter>
  </ItemGroup>
  <ItemGroup>
    <ClCompile Include="game.cpp">
      <Filter>Source Files</Filter>
    </ClCompile>
    <ClCompile Include="SpritesLogic.cpp">
      <Filter>Source Files</Filter>
    </ClCompile>
    <ClCompile Include="BricksGeneral.cpp">
      <Filter>Source Files</Filter>
    </ClCompile>
    <ClCompile Include="OneHitBrick.cpp">
      <Filter>Source Files</Filter>
    </ClCompile>
    <ClCompile Include="TwoHitBrick.cpp">
      <Filter>Source Files</Filter>
    </ClCompile>
    <ClCompile Include="IndestructibleBrick.cpp">
      <Filter>Source Files</Filter>
    </ClCompile>
    <ClCompile Include="PlayerPlatform.cpp">
      <Filter>Source Files</Filter>
    </ClCompile>
    <ClCompile Include="Ball.cpp">
      <Filter>Source Files</Filter>
    </ClCompile>
    <ClCompile Include="PickupItem.cpp">
      <Filter>Source Files</Filter>
    </ClCompile>
    <ClCompile Include="BuffPickup.cpp">
      <Filter>Source Files</Filter>
    </ClCompile>
    <ClCompile Include="DebuffPickup.cpp">
      <Filter>Source Files</Filter>
    </ClCompile>
  </ItemGroup>
  <ItemGroup>
    <ClInclude Include="Framework.h">
      <Filter>Header Files</Filter>
    </ClInclude>
    <ClInclude Include="SpritesLogic.h">
      <Filter>Header Files</Filter>
    </ClInclude>
    <ClInclude Include="Variables.h">
      <Filter>Header Files</Filter>
    </ClInclude>
    <ClInclude Include="BricksGeneral.h">
      <Filter>Header Files</Filter>
    </ClInclude>
    <ClInclude Include="OneHitBrick.h">
      <Filter>Header Files</Filter>
    </ClInclude>
    <ClInclude Include="TwoHitBrick.h">
      <Filter>Header Files</Filter>
    </ClInclude>
    <ClInclude Include="IndestructibleBrick.h">
      <Filter>Header Files</Filter>
    </ClInclude>
    <ClInclude Include="PlayerPlatform.h">
      <Filter>Header Files</Filter>
    </ClInclude>
    <ClInclude Include="Ball.h">
      <Filter>Header Files</Filter>
    </ClInclude>
    <ClInclude Include="PickupItem.h">
      <Filter>Header Files</Filter>
    </ClInclude>
    <ClInclude Include="BuffPickup.h">
      <Filter>Header Files</Filter>
    </ClInclude>
    <ClInclude Include="DebuffPickup.h">
      <Filter>Header Files</Filter>
    </ClInclude>
  </ItemGroup>
</Project>